
Microsoft Visual Studio Solution File, Format Version 12.00
# Visual Studio 15
VisualStudioVersion = 15.0.27130.2020
MinimumVisualStudioVersion = 10.0.40219.1
Project("{FAE04EC0-301F-11D3-BF4B-00C04F79EFBC}") = "SubmissionIndesignExtractor", "SubmissionIndesignExtractor\SubmissionIndesignExtractor.csproj", "{10609D57-A728-4F8D-A54C-B6CCA30F7044}"
EndProject
Global
	GlobalSection(SolutionConfigurationPlatforms) = preSolution
		Debug|Any CPU = Debug|Any CPU
		Release|Any CPU = Release|Any CPU
	EndGlobalSection
	GlobalSection(ProjectConfigurationPlatforms) = postSolution
		{10609D57-A728-4F8D-A54C-B6CCA30F7044}.Debug|Any CPU.ActiveCfg = Debug|Any CPU
		{10609D57-A728-4F8D-A54C-B6CCA30F7044}.Debug|Any CPU.Build.0 = Debug|Any CPU
		{10609D57-A728-4F8D-A54C-B6CCA30F7044}.Release|Any CPU.ActiveCfg = Release|Any CPU
		{10609D57-A728-4F8D-A54C-B6CCA30F7044}.Release|Any CPU.Build.0 = Release|Any CPU
	EndGlobalSection
	GlobalSection(SolutionProperties) = preSolution
		HideSolutionNode = FALSE
	EndGlobalSection
	GlobalSection(ExtensibilityGlobals) = postSolution
		SolutionGuid = {8C61D346-4E37-4BB3-8263-1DA1489BC16A}
	EndGlobalSection
EndGlobal
